
Microsoft Visual Studio Solution File, Format Version 12.00
# Visual Studio Version 16
VisualStudioVersion = 16.0.30011.22
MinimumVisualStudioVersion = 10.0.40219.1
Project("{FAE04EC0-301F-11D3-BF4B-00C04F79EFBC}") = "CSharpDiscordWebhook", "CSharpDiscordWebhook\CSharpDiscordWebhook.csproj", "{11C71B78-004A-471F-B29D-C2CBE4673579}"
EndProject
Project("{FAE04EC0-301F-11D3-BF4B-00C04F79EFBC}") = "WebhookExample", "WebhookExample\WebhookExample.csproj", "{739BBAAB-779E-4A22-A54D-B9DB4F3045B6}"
EndProject
Global
	GlobalSection(SolutionConfigurationPlatforms) = preSolution
		Debug|Any CPU = Debug|Any CPU
		Release|Any CPU = Release|Any CPU
	EndGlobalSection
	GlobalSection(ProjectConfigurationPlatforms) = postSolution
		{11C71B78-004A-471F-B29D-C2CBE4673579}.Debug|Any CPU.ActiveCfg = Debug|Any CPU
		{11C71B78-004A-471F-B29D-C2CBE4673579}.Debug|Any CPU.Build.0 = Debug|Any CPU
		{11C71B78-004A-471F-B29D-C2CBE4673579}.Release|Any CPU.ActiveCfg = Release|Any CPU
		{11C71B78-004A-471F-B29D-C2CBE4673579}.Release|Any CPU.Build.0 = Release|Any CPU
		{739BBAAB-779E-4A22-A54D-B9DB4F3045B6}.Debug|Any CPU.ActiveCfg = Debug|Any CPU
		{739BBAAB-779E-4A22-A54D-B9DB4F3045B6}.Debug|Any CPU.Build.0 = Debug|Any CPU
		{739BBAAB-779E-4A22-A54D-B9DB4F3045B6}.Release|Any CPU.ActiveCfg = Release|Any CPU
		{739BBAAB-779E-4A22-A54D-B9DB4F3045B6}.Release|Any CPU.Build.0 = Release|Any CPU
	EndGlobalSection
	GlobalSection(SolutionProperties) = preSolution
		HideSolutionNode = FALSE
	EndGlobalSection
	GlobalSection(ExtensibilityGlobals) = postSolution
		SolutionGuid = {9DF21E24-5B4E-4441-9D6F-2E8C9AAC197C}
	EndGlobalSection
EndGlobal
